{
  "name": "financial-insights",
  "lockfileVersion": 3,
  "requires": true,
  "packages": {
    "": {
      "dependencies": {
        "stripe": "^22.1.0"
      },
      "devDependencies": {
        "@types/stripe": "^8.0.416"
      }
    },
    "node_modules/@types/stripe": {
      "version": "8.0.416",
      "resolved": "https://registry.npmjs.org/@types/stripe/-/stripe-8.0.416.tgz",
      "integrity": "sha512-LDA574j7g30dg4R+SI1JIpkS+rkIuXgbe6+/qlf62avd7ZNntbbl2DYZwAIj9CfJYVh7FG/PLeoNB5OXTsEehg==",
      "dev": true,
      "license": "MIT",
      "dependencies": {
        "stripe": "*"
      }
    },
    "node_modules/stripe": {
      "version": "22.1.0",
      "resolved": "https://registry.npmjs.org/stripe/-/stripe-22.1.0.tgz",
      "integrity": "sha512-w/xHyJGxXWnLPbNHG13sz/fae0MrFGC80Oz7YbICQymbfpqfEcsoG+6yG+9BWb81PWc4rrkeSO4wmTcmefmbLw==",
      "license": "MIT",
      "engines": {
        "node": ">=18"
      },
      "peerDependencies": {
        "@types/node": ">=18"
      },
      "peerDependenciesMeta": {
        "@types/node": {
          "optional": true
        }
      }
    }
  }
}
